
Microsoft Visual Studio Solution File, Format Version 12.00
# Visual Studio Version 16
VisualStudioVersion = 16.0.30907.101
MinimumVisualStudioVersion = 10.0.40219.1
Project("{FAE04EC0-301F-11D3-BF4B-00C04F79EFBC}") = "Commander", "Commander\Commander.csproj", "{EA306EE1-BCEA-49CD-A7D7-3D65ADBC707D}"
EndProject
Global
	GlobalSection(SolutionConfigurationPlatforms) = preSolution
		Debug|Any CPU = Debug|Any CPU
		Release|Any CPU = Release|Any CPU
	EndGlobalSection
	GlobalSection(ProjectConfigurationPlatforms) = postSolution
		{EA306EE1-BCEA-49CD-A7D7-3D65ADBC707D}.Debug|Any CPU.ActiveCfg = Debug|Any CPU
		{EA306EE1-BCEA-49CD-A7D7-3D65ADBC707D}.Debug|Any CPU.Build.0 = Debug|Any CPU
		{EA306EE1-BCEA-49CD-A7D7-3D65ADBC707D}.Release|Any CPU.ActiveCfg = Release|Any CPU
		{EA306EE1-BCEA-49CD-A7D7-3D65ADBC707D}.Release|Any CPU.Build.0 = Release|Any CPU
	EndGlobalSection
	GlobalSection(SolutionProperties) = preSolution
		HideSolutionNode = FALSE
	EndGlobalSection
	GlobalSection(ExtensibilityGlobals) = postSolution
		SolutionGuid = {D4DBFFF4-8367-4408-9C97-E78D59E6D354}
	EndGlobalSection
EndGlobal
